// !$*UTF8*$!
{
	archiveVersion = 1;
	classes = {
	};
	objectVersion = 77;
	objects = {

/* Begin PBXBuildFile section */
		0BFD980D45A6BC7EA1F8C40F /* Assets.xcassets in Resources */ = {isa = PBXBuildFile; fileRef = FBB0B1B8150A53DCE06DD1E0 /* Assets.xcassets */; };
		2E7C5433B7E3346063D907F4 /* ViewController.swift in Sources */ = {isa = PBXBuildFile; fileRef = 7B60B58B7DF35881E6D703F0 /* ViewController.swift */; };
		6B8590EC6EDECFB511ADAFE2 /* AppDelegate.swift in Sources */ = {isa = PBXBuildFile; fileRef = 17FD2E80C34F33FD42B6187F /* AppDelegate.swift */; };
		9601C2C774EF4F42A444405E /* Modelos.swift in Sources */ = {isa = PBXBuildFile; fileRef = 8BBFFD618DB561293FDBA492 /* Modelos.swift */; };
		96CA06110E422AFE40599730 /* Main.storyboard in Resources */ = {isa = PBXBuildFile; fileRef = 16AF32DA0CB3A0135A51C0D8 /* Main.storyboard */; };
		AC2ADBF1A5F824D28322BE23 /* LaunchScreen.storyboard in Resources */ = {isa = PBXBuildFile; fileRef = 1E17E6ED6C13A180AEBBB999 /* LaunchScreen.storyboard */; };
		AF8FB966DF091C8136EFDF01 /* SceneDelegate.swift in Sources */ = {isa = PBXBuildFile; fileRef = 7C95AD1A9E4EA507BD9AAD9C /* SceneDelegate.swift */; };
/* End PBXBuildFile section */

/* Begin PBXFileReference section */
		17FD2E80C34F33FD42B6187F /* AppDelegate.swift */ = {isa = PBXFileReference; lastKnownFileType = sourcecode.swift; path = AppDelegate.swift; sourceTree = "<group>"; };
		21F24B30A0CB768E09E8A712 /* Info.plist */ = {isa = PBXFileReference; lastKnownFileType = text.plist; path = Info.plist; sourceTree = "<group>"; };
		7B60B58B7DF35881E6D703F0 /* ViewController.swift */ = {isa = PBXFileReference; lastKnownFileType = sourcecode.swift; path = ViewController.swift; sourceTree = "<group>"; };
		7C95AD1A9E4EA507BD9AAD9C /* SceneDelegate.swift */ = {isa = PBXFileReference; lastKnownFileType = sourcecode.swift; path = SceneDelegate.swift; sourceTree = "<group>"; };
		895B90C08E1D434F46BDB008 /* TiendaTecsup.app */ = {isa = PBXFileReference; includeInIndex = 0; lastKnownFileType = wrapper.application; path = TiendaTecsup.app; sourceTree = BUILT_PRODUCTS_DIR; };
		8BBFFD618DB561293FDBA492 /* Modelos.swift */ = {isa = PBXFileReference; lastKnownFileType = sourcecode.swift; path = Modelos.swift; sourceTree = "<group>"; };
		C466A950314D5D0BEBCA869B /* Base */ = {isa = PBXFileReference; lastKnownFileType = file.storyboard; name = Base; path = Base.lproj/LaunchScreen.storyboard; sourceTree = "<group>"; };
		E64BCD7DAD2B7CA6E7D03F7A /* Base */ = {isa = PBXFileReference; lastKnownFileType = file.storyboard; name = Base; path = Base.lproj/Main.storyboard; sourceTree = "<group>"; };
		FBB0B1B8150A53DCE06DD1E0 /* Assets.xcassets */ = {isa = PBXFileReference; lastKnownFileType = folder.assetcatalog; path = Assets.xcassets; sourceTree = "<group>"; };
/* End PBXFileReference section */

/* Begin PBXGroup section */
		2CDE136E98620E2BCC5EBAFB /* Products */ = {
			isa = PBXGroup;
			children = (
				895B90C08E1D434F46BDB008 /* TiendaTecsup.app */,
			);
			name = Products;
			sourceTree = "<group>";
		};
		77F7C39F49D3DE9D87053BBC = {
			isa = PBXGroup;
			children = (
				B717BBF26D78C16BF09AA2A3 /* TiendaTecsup */,
				2CDE136E98620E2BCC5EBAFB /* Products */,
			);
			sourceTree = "<group>";
		};
		B717BBF26D78C16BF09AA2A3 /* TiendaTecsup */ = {
			isa = PBXGroup;
			children = (
				17FD2E80C34F33FD42B6187F /* AppDelegate.swift */,
				FBB0B1B8150A53DCE06DD1E0 /* Assets.xcassets */,
				21F24B30A0CB768E09E8A712 /* Info.plist */,
				8BBFFD618DB561293FDBA492 /* Modelos.swift */,
				7C95AD1A9E4EA507BD9AAD9C /* SceneDelegate.swift */,
				7B60B58B7DF35881E6D703F0 /* ViewController.swift */,
				1E17E6ED6C13A180AEBBB999 /* LaunchScreen.storyboard */,
				16AF32DA0CB3A0135A51C0D8 /* Main.storyboard */,
			);
			path = TiendaTecsup;
			sourceTree = "<group>";
		};
/* End PBXGroup section */

/* Begin PBXNativeTarget section */
		11F4461EDBA968E1B038AE5D /* TiendaTecsup */ = {
			isa = PBXNativeTarget;
			buildConfigurationList = 1C7C2CEA1FF5B320511B1258 /* Build configuration list for PBXNativeTarget "TiendaTecsup" */;
			buildPhases = (
				14CF7047A969924FE36AB431 /* Sources */,
				D16959E8A5F60C7D8C4F91E0 /* Resources */,
			);
			buildRules = (
			);
			dependencies = (
			);
			name = TiendaTecsup;
			packageProductDependencies = (
			);
			productName = TiendaTecsup;
			productReference = 895B90C08E1D434F46BDB008 /* TiendaTecsup.app */;
			productType = "com.apple.product-type.application";
		};
/* End PBXNativeTarget section */

/* Begin PBXProject section */
		5F386D7A635BA4718464691F /* Project object */ = {
			isa = PBXProject;
			attributes = {
				BuildIndependentTargetsInParallel = YES;
				LastUpgradeCheck = 1430;
				TargetAttributes = {
				};
			};
			buildConfigurationList = B00FBBB2FFF5A76C380F00D2 /* Build configuration list for PBXProject "TiendaTecsup" */;
			developmentRegion = en;
			hasScannedForEncodings = 0;
			knownRegions = (
				Base,
				en,
			);
			mainGroup = 77F7C39F49D3DE9D87053BBC;
			minimizedProjectReferenceProxies = 1;
			preferredProjectObjectVersion = 77;
			productRefGroup = 2CDE136E98620E2BCC5EBAFB /* Products */;
			projectDirPath = "";
			projectRoot = "";
			targets = (
				11F4461EDBA968E1B038AE5D /* TiendaTecsup */,
			);
		};
/* End PBXProject section */

/* Begin PBXResourcesBuildPhase section */
		D16959E8A5F60C7D8C4F91E0 /* Resources */ = {
			isa = PBXResourcesBuildPhase;
			buildActionMask = 2147483647;
			files = (
				0BFD980D45A6BC7EA1F8C40F /* Assets.xcassets in Resources */,
				AC2ADBF1A5F824D28322BE23 /* LaunchScreen.storyboard in Resources */,
				96CA06110E422AFE40599730 /* Main.storyboard in Resources */,
			);
			runOnlyForDeploymentPostprocessing = 0;
		};
/* End PBXResourcesBuildPhase section */

/* Begin PBXSourcesBuildPhase section */
		14CF7047A969924FE36AB431 /* Sources */ = {
			isa = PBXSourcesBuildPhase;
			buildActionMask = 2147483647;
			files = (
				6B8590EC6EDECFB511ADAFE2 /* AppDelegate.swift in Sources */,
				9601C2C774EF4F42A444405E /* Modelos.swift in Sources */,
				AF8FB966DF091C8136EFDF01 /* SceneDelegate.swift in Sources */,
				2E7C5433B7E3346063D907F4 /* ViewController.swift in Sources */,
			);
			runOnlyForDeploymentPostprocessing = 0;
		};
/* End PBXSourcesBuildPhase section */

/* Begin PBXVariantGroup section */
		16AF32DA0CB3A0135A51C0D8 /* Main.storyboard */ = {
			isa = PBXVariantGroup;
			children = (
				E64BCD7DAD2B7CA6E7D03F7A /* Base */,
			);
			name = Main.storyboard;
			sourceTree = "<group>";
		};
		1E17E6ED6C13A180AEBBB999 /* LaunchScreen.storyboard */ = {
			isa = PBXVariantGroup;
			children = (
				C466A950314D5D0BEBCA869B /* Base */,
			);
			name = LaunchScreen.storyboard;
			sourceTree = "<group>";
		};
/* End PBXVariantGroup section */

/* Begin XCBuildConfiguration section */
		1594969077F7F5B08EA8D976 /* Debug */ = {
			isa = XCBuildConfiguration;
			buildSettings = {
				ALWAYS_SEARCH_USER_PATHS = NO;
				CLANG_ANALYZER_NONNULL = YES;
				CLANG_ANALYZER_NUMBER_OBJECT_CONVERSION = YES_AGGRESSIVE;
				CLANG_CXX_LANGUAGE_STANDARD = "gnu++14";
				CLANG_CXX_LIBRARY = "libc++";
				CLANG_ENABLE_MODULES = YES;
				CLANG_ENABLE_OBJC_ARC = YES;
				CLANG_ENABLE_OBJC_WEAK = YES;
				CLANG_WARN_BLOCK_CAPTURE_AUTORELEASING = YES;
				CLANG_WARN_BOOL_CONVERSION = YES;
				CLANG_WARN_COMMA = YES;
				CLANG_WARN_CONSTANT_CONVERSION = YES;
				CLANG_WARN_DEPRECATED_OBJC_IMPLEMENTATIONS = YES;
				CLANG_WARN_DIRECT_OBJC_ISA_USAGE = YES_ERROR;
				CLANG_WARN_DOCUMENTATION_COMMENTS = YES;
				CLANG_WARN_EMPTY_BODY = YES;
				CLANG_WARN_ENUM_CONVERSION = YES;
				CLANG_WARN_INFINITE_RECURSION = YES;
				CLANG_WARN_INT_CONVERSION = YES;
				CLANG_WARN_NON_LITERAL_NULL_CONVERSION = YES;
				CLANG_WARN_OBJC_IMPLICIT_RETAIN_SELF = YES;
				CLANG_WARN_OBJC_LITERAL_CONVERSION = YES;
				CLANG_WARN_OBJC_ROOT_CLASS = YES_ERROR;
				CLANG_WARN_QUOTED_INCLUDE_IN_FRAMEWORK_HEADER = YES;
				CLANG_WARN_RANGE_LOOP_ANALYSIS = YES;
				CLANG_WARN_STRICT_PROTOTYPES = YES;
				CLANG_WARN_SUSPICIOUS_MOVE = YES;
				CLANG_WARN_UNGUARDED_AVAILABILITY = YES_AGGRESSIVE;
				CLANG_WARN_UNREACHABLE_CODE = YES;
				CLANG_WARN__DUPLICATE_METHOD_MATCH = YES;
				COPY_PHASE_STRIP = NO;
				DEBUG_INFORMATION_FORMAT = dwarf;
				ENABLE_STRICT_OBJC_MSGSEND = YES;
				ENABLE_TESTABILITY = YES;
				GCC_C_LANGUAGE_STANDARD = gnu11;
				GCC_DYNAMIC_NO_PIC = NO;
				GCC_NO_COMMON_BLOCKS = YES;
				GCC_OPTIMIZATION_LEVEL = 0;
				GCC_PREPROCESSOR_DEFINITIONS = (
					"$(inherited)",
					"DEBUG=1",
				);
				GCC_WARN_64_TO_32_BIT_CONVERSION = YES;
				GCC_WARN_ABOUT_RETURN_TYPE = YES_ERROR;
				GCC_WARN_UNDECLARED_SELECTOR = YES;
				GCC_WARN_UNINITIALIZED_AUTOS = YES_AGGRESSIVE;
				GCC_WARN_UNUSED_FUNCTION = YES;
				GCC_WARN_UNUSED_VARIABLE = YES;
				IPHONEOS_DEPLOYMENT_TARGET = 17.0;
				MTL_ENABLE_DEBUG_INFO = INCLUDE_SOURCE;
				MTL_FAST_MATH = YES;
				ONLY_ACTIVE_ARCH = YES;
				PRODUCT_NAME = "$(TARGET_NAME)";
				SDKROOT = iphoneos;
				SWIFT_ACTIVE_COMPILATION_CONDITIONS = DEBUG;
				SWIFT_OPTIMIZATION_LEVEL = "-Onone";
				SWIFT_VERSION = 5.0;
			};
			name = Debug;
		};
		19E9649ED3BFDF3CAD59AB40 /* Release */ = {
			isa = XCBuildConfiguration;
			buildSettings = {
				ASSETCATALOG_COMPILER_APPICON_NAME = AppIcon;
				ASSETCATALOG_COMPILER_GLOBAL_ACCENT_COLOR_NAME = AccentColor;
				CODE_SIGNING_ALLOWED = NO;
				CODE_SIGN_IDENTITY = "iPhone Developer";
				CURRENT_PROJECT_VERSION = 1;
				GENERATE_INFOPLIST_FILE = YES;
				INFOPLIST_FILE = TiendaTecsup/Info.plist;
				INFOPLIST_KEY_UIApplicationSupportsIndirectInputEvents = YES;
				INFOPLIST_KEY_UILaunchStoryboardName = LaunchScreen;
				INFOPLIST_KEY_UIMainStoryboardFile = Main;
				INFOPLIST_KEY_UISupportedInterfaceOrientations = UIInterfaceOrientationPortrait;
				LD_RUNPATH_SEARCH_PATHS = (
					"$(inherited)",
					"@executable_path/Frameworks",
				);
				MARKETING_VERSION = 1.0;
				PRODUCT_BUNDLE_IDENTIFIER = pe.tecsup.TiendaTecsup;
				PRODUCT_NAME = TiendaTecsup;
				SDKROOT = iphoneos;
				SWIFT_VERSION = 5.0;
				TARGETED_DEVICE_FAMILY = 1;
			};
			name = Release;
		};
		B87653DD45DD0DF2E97A9B26 /* Debug */ = {
			isa = XCBuildConfiguration;
			buildSettings = {
				ASSETCATALOG_COMPILER_APPICON_NAME = AppIcon;
				ASSETCATALOG_COMPILER_GLOBAL_ACCENT_COLOR_NAME = AccentColor;
				CODE_SIGNING_ALLOWED = NO;
				CODE_SIGN_IDENTITY = "iPhone Developer";
				CURRENT_PROJECT_VERSION = 1;
				GENERATE_INFOPLIST_FILE = YES;
				INFOPLIST_FILE = TiendaTecsup/Info.plist;
				INFOPLIST_KEY_UIApplicationSupportsIndirectInputEvents = YES;
				INFOPLIST_KEY_UILaunchStoryboardName = LaunchScreen;
				INFOPLIST_KEY_UIMainStoryboardFile = Main;
				INFOPLIST_KEY_UISupportedInterfaceOrientations = UIInterfaceOrientationPortrait;
				LD_RUNPATH_SEARCH_PATHS = (
					"$(inherited)",
					"@executable_path/Frameworks",
				);
				MARKETING_VERSION = 1.0;
				PRODUCT_BUNDLE_IDENTIFIER = pe.tecsup.TiendaTecsup;
				PRODUCT_NAME = TiendaTecsup;
				SDKROOT = iphoneos;
				SWIFT_VERSION = 5.0;
				TARGETED_DEVICE_FAMILY = 1;
			};
			name = Debug;
		};
		D1A58AC6F22BD86E179ABF42 /* Release */ = {
			isa = XCBuildConfiguration;
			buildSettings = {
				ALWAYS_SEARCH_USER_PATHS = NO;
				CLANG_ANALYZER_NONNULL = YES;
				CLANG_ANALYZER_NUMBER_OBJECT_CONVERSION = YES_AGGRESSIVE;
				CLANG_CXX_LANGUAGE_STANDARD = "gnu++14";
				CLANG_CXX_LIBRARY = "libc++";
				CLANG_ENABLE_MODULES = YES;
				CLANG_ENABLE_OBJC_ARC = YES;
				CLANG_ENABLE_OBJC_WEAK = YES;
				CLANG_WARN_BLOCK_CAPTURE_AUTORELEASING = YES;
				CLANG_WARN_BOOL_CONVERSION = YES;
				CLANG_WARN_COMMA = YES;
				CLANG_WARN_CONSTANT_CONVERSION = YES;
				CLANG_WARN_DEPRECATED_OBJC_IMPLEMENTATIONS = YES;
				CLANG_WARN_DIRECT_OBJC_ISA_USAGE = YES_ERROR;
				CLANG_WARN_DOCUMENTATION_COMMENTS = YES;
				CLANG_WARN_EMPTY_BODY = YES;
				CLANG_WARN_ENUM_CONVERSION = YES;
				CLANG_WARN_INFINITE_RECURSION = YES;
				CLANG_WARN_INT_CONVERSION = YES;
				CLANG_WARN_NON_LITERAL_NULL_CONVERSION = YES;
				CLANG_WARN_OBJC_IMPLICIT_RETAIN_SELF = YES;
				CLANG_WARN_OBJC_LITERAL_CONVERSION = YES;
				CLANG_WARN_OBJC_ROOT_CLASS = YES_ERROR;
				CLANG_WARN_QUOTED_INCLUDE_IN_FRAMEWORK_HEADER = YES;
				CLANG_WARN_RANGE_LOOP_ANALYSIS = YES;
				CLANG_WARN_STRICT_PROTOTYPES = YES;
				CLANG_WARN_SUSPICIOUS_MOVE = YES;
				CLANG_WARN_UNGUARDED_AVAILABILITY = YES_AGGRESSIVE;
				CLANG_WARN_UNREACHABLE_CODE = YES;
				CLANG_WARN__DUPLICATE_METHOD_MATCH = YES;
				COPY_PHASE_STRIP = NO;
				DEBUG_INFORMATION_FORMAT = "dwarf-with-dsym";
				ENABLE_NS_ASSERTIONS = NO;
				ENABLE_STRICT_OBJC_MSGSEND = YES;
				GCC_C_LANGUAGE_STANDARD = gnu11;
				GCC_NO_COMMON_BLOCKS = YES;
				GCC_WARN_64_TO_32_BIT_CONVERSION = YES;
				GCC_WARN_ABOUT_RETURN_TYPE = YES_ERROR;
				GCC_WARN_UNDECLARED_SELECTOR = YES;
				GCC_WARN_UNINITIALIZED_AUTOS = YES_AGGRESSIVE;
				GCC_WARN_UNUSED_FUNCTION = YES;
				GCC_WARN_UNUSED_VARIABLE = YES;
				IPHONEOS_DEPLOYMENT_TARGET = 17.0;
				MTL_ENABLE_DEBUG_INFO = NO;
				MTL_FAST_MATH = YES;
				PRODUCT_NAME = "$(TARGET_NAME)";
				SDKROOT = iphoneos;
				SWIFT_COMPILATION_MODE = wholemodule;
				SWIFT_OPTIMIZATION_LEVEL = "-O";
				SWIFT_VERSION = 5.0;
			};
			name = Release;
		};
/* End XCBuildConfiguration section */

/* Begin XCConfigurationList section */
		1C7C2CEA1FF5B320511B1258 /* Build configuration list for PBXNativeTarget "TiendaTecsup" */ = {
			isa = XCConfigurationList;
			buildConfigurations = (
				B87653DD45DD0DF2E97A9B26 /* Debug */,
				19E9649ED3BFDF3CAD59AB40 /* Release */,
			);
			defaultConfigurationIsVisible = 0;
			defaultConfigurationName = Debug;
		};
		B00FBBB2FFF5A76C380F00D2 /* Build configuration list for PBXProject "TiendaTecsup" */ = {
			isa = XCConfigurationList;
			buildConfigurations = (
				1594969077F7F5B08EA8D976 /* Debug */,
				D1A58AC6F22BD86E179ABF42 /* Release */,
			);
			defaultConfigurationIsVisible = 0;
			defaultConfigurationName = Debug;
		};
/* End XCConfigurationList section */
	};
	rootObject = 5F386D7A635BA4718464691F /* Project object */;
}
